# This file is automatically @generated by Cargo.
# It is not intended for manual editing.
version = 3

[[package]]
name = "RedBlackTreeMap"
version = "0.1.0"
dependencies = [
 "rpds",
]

[[package]]
name = "archery"
version = "1.1.0"
source = "registry+https://github.com/rust-lang/crates.io-index"
checksum = "487955f60962765486ce000015a3492ca45c34a2ebbf12bc0aa2b5110ca6e7d2"
dependencies = [
 "static_assertions",
 "triomphe",
]

[[package]]
name = "rpds"
version = "1.1.0"
source = "registry+https://github.com/rust-lang/crates.io-index"
checksum = "a0e15515d3ce3313324d842629ea4905c25a13f81953eadb88f85516f59290a4"
dependencies = [
 "archery",
]

[[package]]
name = "static_assertions"
version = "1.1.0"
source = "registry+https://github.com/rust-lang/crates.io-index"
checksum = "a2eb9349b6444b326872e140eb1cf5e7c522154d69e7a0ffb0fb81c06b37543f"

[[package]]
name = "triomphe"
version = "0.1.9"
source = "registry+https://github.com/rust-lang/crates.io-index"
checksum = "0eee8098afad3fb0c54a9007aab6804558410503ad676d4633f9c2559a00ac0f"
